
Microsoft Visual Studio Solution File, Format Version 12.00
# Visual Studio Version 16
VisualStudioVersion = 16.0.31402.337
MinimumVisualStudioVersion = 10.0.40219.1
Project("{FAE04EC0-301F-11D3-BF4B-00C04F79EFBC}") = "Plugin Common Library", "Plugin Common Library.csproj", "{1D38E0CF-BF13-4229-860F-3809F39F0892}"
EndProject
Global
	GlobalSection(SolutionConfigurationPlatforms) = preSolution
		Debug|Any CPU = Debug|Any CPU
		Release|Any CPU = Release|Any CPU
	EndGlobalSection
	GlobalSection(ProjectConfigurationPlatforms) = postSolution
		{1D38E0CF-BF13-4229-860F-3809F39F0892}.Debug|Any CPU.ActiveCfg = Debug|Any CPU
		{1D38E0CF-BF13-4229-860F-3809F39F0892}.Debug|Any CPU.Build.0 = Debug|Any CPU
		{1D38E0CF-BF13-4229-860F-3809F39F0892}.Release|Any CPU.ActiveCfg = Release|Any CPU
		{1D38E0CF-BF13-4229-860F-3809F39F0892}.Release|Any CPU.Build.0 = Release|Any CPU
	EndGlobalSection
	GlobalSection(SolutionProperties) = preSolution
		HideSolutionNode = FALSE
	EndGlobalSection
	GlobalSection(ExtensibilityGlobals) = postSolution
		SolutionGuid = {1DAD7673-A692-46F8-ABF3-E0CD4C13D2D3}
	EndGlobalSection
EndGlobal
